
Microsoft Visual Studio Solution File, Format Version 12.00
# Visual Studio Version 17
VisualStudioVersion = 17.6.33723.286
MinimumVisualStudioVersion = 10.0.40219.1
Project("{FAE04EC0-301F-11D3-BF4B-00C04F79EFBC}") = "Castle", "Castle.csproj", "{502E0536-3DDB-49D8-B68F-21E60CFEEC06}"
EndProject
Global
	GlobalSection(SolutionConfigurationPlatforms) = preSolution
		Debug|Any CPU = Debug|Any CPU
		Release|Any CPU = Release|Any CPU
	EndGlobalSection
	GlobalSection(ProjectConfigurationPlatforms) = postSolution
		{502E0536-3DDB-49D8-B68F-21E60CFEEC06}.Debug|Any CPU.ActiveCfg = Debug|Any CPU
		{502E0536-3DDB-49D8-B68F-21E60CFEEC06}.Debug|Any CPU.Build.0 = Debug|Any CPU
		{502E0536-3DDB-49D8-B68F-21E60CFEEC06}.Release|Any CPU.ActiveCfg = Release|Any CPU
		{502E0536-3DDB-49D8-B68F-21E60CFEEC06}.Release|Any CPU.Build.0 = Release|Any CPU
	EndGlobalSection
	GlobalSection(SolutionProperties) = preSolution
		HideSolutionNode = FALSE
	EndGlobalSection
	GlobalSection(ExtensibilityGlobals) = postSolution
		SolutionGuid = {FE909F74-F11B-4EF1-9C6E-01316CFB4C5A}
	EndGlobalSection
EndGlobal
